{
  "name": "platforms-talk",
  "version": "0.1.0",
  "lockfileVersion": 1,
  "requires": true,
  "dependencies": {
    "palette.css": {
      "version": "0.3.4",
      "resolved": "https://registry.npmjs.org/palette.css/-/palette.css-0.3.4.tgz",
      "integrity": "sha512-zEPbEbT4IiKODa18ZgFgiIfncrmVIrfPcAOg//bavtEamxQr+T45OuuEHV1wM8iIXFpVL1qdDXYks+aQ56CJDw=="
    }
  }
}
